PODS:
  - FlutterMacOS (1.0.0)
  - ocr_engine_builtin (0.0.1):
    - FlutterMacOS
  - path_provider_foundation (0.0.1):
    - Flutter
    - FlutterMacOS
  - screen_capturer (0.1.0):
    - FlutterMacOS

DEPENDENCIES:
  - FlutterMacOS (from `Flutter/ephemeral`)
  - ocr_engine_builtin (from `Flutter/ephemeral/.symlinks/plugins/ocr_engine_builtin/macos`)
  - path_provider_foundation (from `Flutter/ephemeral/.symlinks/plugins/path_provider_foundation/darwin`)
  - screen_capturer (from `Flutter/ephemeral/.symlinks/plugins/screen_capturer/macos`)

EXTERNAL SOURCES:
  FlutterMacOS:
    :path: Flutter/ephemeral
  ocr_engine_builtin:
    :path: Flutter/ephemeral/.symlinks/plugins/ocr_engine_builtin/macos
  path_provider_foundation:
    :path: Flutter/ephemeral/.symlinks/plugins/path_provider_foundation/darwin
  screen_capturer:
    :path: Flutter/ephemeral/.symlinks/plugins/screen_capturer/macos

SPEC CHECKSUMS:
  FlutterMacOS: 8f6f14fa908a6fb3fba0cd85dbd81ec4b251fb24
  ocr_engine_builtin: 005291875d6001584de87c940d650fe1e1e68bfb
  path_provider_foundation: eaf5b3e458fc0e5fbb9940fb09980e853fe058b8
  screen_capturer: 835bdb791b6e54d01257961c2e6ccd20a57ddc17

PODFILE CHECKSUM: 353c8bcc5d5b0994e508d035b5431cfe18c1dea7

COCOAPODS: 1.11.3
